
Microsoft Visual Studio Solution File, Format Version 12.00
# Visual Studio Version 17
VisualStudioVersion = 17.7.34024.191
MinimumVisualStudioVersion = 10.0.40219.1
Project("{FAE04EC0-301F-11D3-BF4B-00C04F79EFBC}") = "Gestcom", "Gestcom\Gestcom.csproj", "{BA8B7DC6-0121-4D06-9AF3-158BCF164E35}"
EndProject
Project("{FAE04EC0-301F-11D3-BF4B-00C04F79EFBC}") = "GestcomWF", "GestcomWF\GestcomWF.csproj", "{707AF205-B7E5-4343-B228-4141330D0E0B}"
EndProject
Global
	GlobalSection(SolutionConfigurationPlatforms) = preSolution
		Debug|Any CPU = Debug|Any CPU
		Release|Any CPU = Release|Any CPU
	EndGlobalSection
	GlobalSection(ProjectConfigurationPlatforms) = postSolution
		{BA8B7DC6-0121-4D06-9AF3-158BCF164E35}.Debug|Any CPU.ActiveCfg = Debug|Any CPU
		{BA8B7DC6-0121-4D06-9AF3-158BCF164E35}.Debug|Any CPU.Build.0 = Debug|Any CPU
		{BA8B7DC6-0121-4D06-9AF3-158BCF164E35}.Release|Any CPU.ActiveCfg = Release|Any CPU
		{BA8B7DC6-0121-4D06-9AF3-158BCF164E35}.Release|Any CPU.Build.0 = Release|Any CPU
		{707AF205-B7E5-4343-B228-4141330D0E0B}.Debug|Any CPU.ActiveCfg = Debug|Any CPU
		{707AF205-B7E5-4343-B228-4141330D0E0B}.Debug|Any CPU.Build.0 = Debug|Any CPU
		{707AF205-B7E5-4343-B228-4141330D0E0B}.Release|Any CPU.ActiveCfg = Release|Any CPU
		{707AF205-B7E5-4343-B228-4141330D0E0B}.Release|Any CPU.Build.0 = Release|Any CPU
	EndGlobalSection
	GlobalSection(SolutionProperties) = preSolution
		HideSolutionNode = FALSE
	EndGlobalSection
	GlobalSection(ExtensibilityGlobals) = postSolution
		SolutionGuid = {C02C425A-2228-48C1-839A-1192408DA106}
	EndGlobalSection
EndGlobal
